
Microsoft Visual Studio Solution File, Format Version 12.00
# Visual Studio Version 16
VisualStudioVersion = 16.0.29613.14
MinimumVisualStudioVersion = 10.0.40219.1
Project("{9A19103F-16F7-4668-BE54-9A1E7A4F7556}") = "Medyana.Api", "Medyana.Api\Medyana.Api.csproj", "{F489923F-DAAB-4495-940B-EF81365E79F8}"
EndProject
Project("{9A19103F-16F7-4668-BE54-9A1E7A4F7556}") = "Medyana.Model", "Medyana.Model\Medyana.Model.csproj", "{B58B5C33-2999-45A2-BE51-065BDCD8A1BF}"
EndProject
Project("{9A19103F-16F7-4668-BE54-9A1E7A4F7556}") = "Medyana.Contract", "Medyana.Contract\Medyana.Contract.csproj", "{40E1BF7A-5900-44EB-BD79-AAD35D879778}"
EndProject
Project("{9A19103F-16F7-4668-BE54-9A1E7A4F7556}") = "Medyana.BM", "Medyana.BM\Medyana.BM.csproj", "{DE98219A-F092-445E-B936-CAA7A218AC82}"
EndProject
Project("{9A19103F-16F7-4668-BE54-9A1E7A4F7556}") = "Medyana.Core", "Medyana.Core\Medyana.Core.csproj", "{B834DBE7-5A3F-4399-B963-CE943206D5DA}"
EndProject
Project("{9A19103F-16F7-4668-BE54-9A1E7A4F7556}") = "Medyana.Test", "Medyana.Test\Medyana.Test.csproj", "{1189820E-DC67-446E-A7BB-5CCE7680DD17}"
EndProject
Project("{9A19103F-16F7-4668-BE54-9A1E7A4F7556}") = "Medyana.ResourceManager", "Medyana.ResourceManager\Medyana.ResourceManager.csproj", "{2450C931-EB58-438D-A621-56F9AE84252E}"
EndProject
Project("{FAE04EC0-301F-11D3-BF4B-00C04F79EFBC}") = "Medyana.Web", "Medyana.Web\Medyana.Web.csproj", "{F38FBAE6-8A80-4747-BFBC-0652C2921CE3}"
EndProject
Global
	GlobalSection(SolutionConfigurationPlatforms) = preSolution
		Debug|Any CPU = Debug|Any CPU
		Release|Any CPU = Release|Any CPU
	EndGlobalSection
	GlobalSection(ProjectConfigurationPlatforms) = postSolution
		{F489923F-DAAB-4495-940B-EF81365E79F8}.Debug|Any CPU.ActiveCfg = Debug|Any CPU
		{F489923F-DAAB-4495-940B-EF81365E79F8}.Debug|Any CPU.Build.0 = Debug|Any CPU
		{F489923F-DAAB-4495-940B-EF81365E79F8}.Release|Any CPU.ActiveCfg = Release|Any CPU
		{F489923F-DAAB-4495-940B-EF81365E79F8}.Release|Any CPU.Build.0 = Release|Any CPU
		{B58B5C33-2999-45A2-BE51-065BDCD8A1BF}.Debug|Any CPU.ActiveCfg = Debug|Any CPU
		{B58B5C33-2999-45A2-BE51-065BDCD8A1BF}.Debug|Any CPU.Build.0 = Debug|Any CPU
		{B58B5C33-2999-45A2-BE51-065BDCD8A1BF}.Release|Any CPU.ActiveCfg = Release|Any CPU
		{B58B5C33-2999-45A2-BE51-065BDCD8A1BF}.Release|Any CPU.Build.0 = Release|Any CPU
		{40E1BF7A-5900-44EB-BD79-AAD35D879778}.Debug|Any CPU.ActiveCfg = Debug|Any CPU
		{40E1BF7A-5900-44EB-BD79-AAD35D879778}.Debug|Any CPU.Build.0 = Debug|Any CPU
		{40E1BF7A-5900-44EB-BD79-AAD35D879778}.Release|Any CPU.ActiveCfg = Release|Any CPU
		{40E1BF7A-5900-44EB-BD79-AAD35D879778}.Release|Any CPU.Build.0 = Release|Any CPU
		{DE98219A-F092-445E-B936-CAA7A218AC82}.Debug|Any CPU.ActiveCfg = Debug|Any CPU
		{DE98219A-F092-445E-B936-CAA7A218AC82}.Debug|Any CPU.Build.0 = Debug|Any CPU
		{DE98219A-F092-445E-B936-CAA7A218AC82}.Release|Any CPU.ActiveCfg = Release|Any CPU
		{DE98219A-F092-445E-B936-CAA7A218AC82}.Release|Any CPU.Build.0 = Release|Any CPU
		{B834DBE7-5A3F-4399-B963-CE943206D5DA}.Debug|Any CPU.ActiveCfg = Debug|Any CPU
		{B834DBE7-5A3F-4399-B963-CE943206D5DA}.Debug|Any CPU.Build.0 = Debug|Any CPU
		{B834DBE7-5A3F-4399-B963-CE943206D5DA}.Release|Any CPU.ActiveCfg = Release|Any CPU
		{B834DBE7-5A3F-4399-B963-CE943206D5DA}.Release|Any CPU.Build.0 = Release|Any CPU
		{1189820E-DC67-446E-A7BB-5CCE7680DD17}.Debug|Any CPU.ActiveCfg = Debug|Any CPU
		{1189820E-DC67-446E-A7BB-5CCE7680DD17}.Debug|Any CPU.Build.0 = Debug|Any CPU
		{1189820E-DC67-446E-A7BB-5CCE7680DD17}.Release|Any CPU.ActiveCfg = Release|Any CPU
		{1189820E-DC67-446E-A7BB-5CCE7680DD17}.Release|Any CPU.Build.0 = Release|Any CPU
		{2450C931-EB58-438D-A621-56F9AE84252E}.Debug|Any CPU.ActiveCfg = Debug|Any CPU
		{2450C931-EB58-438D-A621-56F9AE84252E}.Debug|Any CPU.Build.0 = Debug|Any CPU
		{2450C931-EB58-438D-A621-56F9AE84252E}.Release|Any CPU.ActiveCfg = Release|Any CPU
		{2450C931-EB58-438D-A621-56F9AE84252E}.Release|Any CPU.Build.0 = Release|Any CPU
		{F38FBAE6-8A80-4747-BFBC-0652C2921CE3}.Debug|Any CPU.ActiveCfg = Debug|Any CPU
		{F38FBAE6-8A80-4747-BFBC-0652C2921CE3}.Debug|Any CPU.Build.0 = Debug|Any CPU
		{F38FBAE6-8A80-4747-BFBC-0652C2921CE3}.Release|Any CPU.ActiveCfg = Release|Any CPU
		{F38FBAE6-8A80-4747-BFBC-0652C2921CE3}.Release|Any CPU.Build.0 = Release|Any CPU
	EndGlobalSection
	GlobalSection(SolutionProperties) = preSolution
		HideSolutionNode = FALSE
	EndGlobalSection
	GlobalSection(ExtensibilityGlobals) = postSolution
		SolutionGuid = {89684B6D-0CBB-4B91-9E4A-FC29C6AA70FB}
	EndGlobalSection
EndGlobal
